
Microsoft Visual Studio Solution File, Format Version 12.00
# Visual Studio Version 18
VisualStudioVersion = 18.0.11217.181
MinimumVisualStudioVersion = 10.0.40219.1
Project("{FAE04EC0-301F-11D3-BF4B-00C04F79EFBC}") = "cGUI.Abstraction", "cGUI.Abstraction\cGUI.Abstraction.csproj", "{198411EC-5CA9-4E1C-8180-10DDE1A93FC7}"
EndProject
Project("{2150E333-8FDC-42A3-9474-1A3956D46DE8}") = "Solution Items", "Solution Items", "{D9CDFDDC-58E0-4691-9232-608837E37342}"
	ProjectSection(SolutionItems) = preProject
		.editorconfig = .editorconfig
		Directory.Build.props = Directory.Build.props
	EndProjectSection
EndProject
Project("{FAE04EC0-301F-11D3-BF4B-00C04F79EFBC}") = "cGUI.Visual.Abstraction", "cGUI.Visual.Abstraction\cGUI.Visual.Abstraction.csproj", "{24667F57-407A-47CB-BFBC-2D4391D4E31D}"
EndProject
Project("{FAE04EC0-301F-11D3-BF4B-00C04F79EFBC}") = "cGUI.Event.Abstraction", "cGUI.Event.Abstraction\cGUI.Event.Abstraction.csproj", "{55D63E43-887F-47BE-9059-1CB191833D21}"
EndProject
Project("{2150E333-8FDC-42A3-9474-1A3956D46DE8}") = "Tests", "Tests", "{2BA5A95D-1208-415C-90DE-F198359B0C76}"
EndProject
Project("{FAE04EC0-301F-11D3-BF4B-00C04F79EFBC}") = "cGUI.Event", "cGUI.Event\cGUI.Event.csproj", "{136D95CE-09A8-4AC1-83AF-A0FE126CF10F}"
EndProject
Project("{FAE04EC0-301F-11D3-BF4B-00C04F79EFBC}") = "cGUI.Event.Extensions", "cGUI.Event.Extensions\cGUI.Event.Extensions.csproj", "{4C4AB71A-3025-4C86-A25D-3D60F2A7AB8A}"
EndProject
Project("{FAE04EC0-301F-11D3-BF4B-00C04F79EFBC}") = "cGUI.Events.Models", "cGUI.Events.Models\cGUI.Events.Models.csproj", "{77F6695B-5E66-400F-91E9-5012B9E3C012}"
EndProject
Project("{FAE04EC0-301F-11D3-BF4B-00C04F79EFBC}") = "cGUI.Visual", "cGUI.Visual\cGUI.Visual.csproj", "{CA73A5B7-C33C-4034-B41A-E151E2D1FCA5}"
EndProject
Project("{FAE04EC0-301F-11D3-BF4B-00C04F79EFBC}") = "cGUI.Event.Tests", "cGUI.Event.Tests\cGUI.Event.Tests.csproj", "{7C266BCE-841D-40E5-93F6-357E7AB5E25A}"
EndProject
Project("{2150E333-8FDC-42A3-9474-1A3956D46DE8}") = "Extensions", "Extensions", "{422AB56C-B0C4-43FA-811A-BBDDB25EC66F}"
EndProject
Project("{FAE04EC0-301F-11D3-BF4B-00C04F79EFBC}") = "cGUI.Animations", "cGUI.Animations\cGUI.Animations.csproj", "{17185492-A7C8-4012-AAE4-56625CAD67F7}"
EndProject
Project("{FAE04EC0-301F-11D3-BF4B-00C04F79EFBC}") = "cGUI.Math", "cGUI.Math\cGUI.Math.csproj", "{E60D37CA-D8BE-414C-9D49-D680D6048C7D}"
EndProject
Project("{2150E333-8FDC-42A3-9474-1A3956D46DE8}") = "Elements", "Elements", "{D2E526F8-4CE3-4D6D-87C3-885CAA5BC5A2}"
EndProject
Project("{FAE04EC0-301F-11D3-BF4B-00C04F79EFBC}") = "cGUI.Render.Abstraction", "cGUI.Render.Abstraction\cGUI.Render.Abstraction.csproj", "{F9EB85D1-6E06-43A7-BEA7-38131F636EA5}"
EndProject
Project("{2150E333-8FDC-42A3-9474-1A3956D46DE8}") = "Unity", "Unity", "{236B1674-FD3F-439D-AF03-EFCE5820FE3B}"
EndProject
Project("{FAE04EC0-301F-11D3-BF4B-00C04F79EFBC}") = "cGUI.Unity.Render", "cGUI.Unity.Render\cGUI.Unity.Render.csproj", "{AC47D1C9-8DAA-4B21-B5CA-01B3A6F927D6}"
EndProject
Project("{FAE04EC0-301F-11D3-BF4B-00C04F79EFBC}") = "cGUI.Unity.Render.Contexts", "cGUI.Unity.Render.Contexts\cGUI.Unity.Render.Contexts.csproj", "{B4B52DA2-6D2B-47DF-A394-B4D2EFEF617F}"
EndProject
Project("{FAE04EC0-301F-11D3-BF4B-00C04F79EFBC}") = "cGUI.Unity.Render.Extensions", "cGUI.Unity.Render.Extensions\cGUI.Unity.Render.Extensions.csproj", "{4ADDA90A-1125-4156-9F35-CFBEE5C3B51B}"
EndProject
Project("{FAE04EC0-301F-11D3-BF4B-00C04F79EFBC}") = "cGUI.Unity.Render.Abstraction", "cGUI.Unity.Render.Abstraction\cGUI.Unity.Render.Abstraction.csproj", "{FA8F2D88-87A6-4D8D-8D96-795B141656D7}"
EndProject
Project("{FAE04EC0-301F-11D3-BF4B-00C04F79EFBC}") = "cGUI.Render.Contexts", "cGUI.Render.Contexts\cGUI.Render.Contexts.csproj", "{9A76212E-38CF-4F4E-976B-F5BFB5D036D2}"
EndProject
Project("{FAE04EC0-301F-11D3-BF4B-00C04F79EFBC}") = "cGUI.Render.Contexts.Builder", "cGUI.Render.Contexts.Builder\cGUI.Render.Contexts.Builder.csproj", "{D94715A1-9251-4800-BE89-F338B47388BA}"
EndProject
Project("{FAE04EC0-301F-11D3-BF4B-00C04F79EFBC}") = "cGUI.Unity.Tests", "cGUI.Unity.Tests\cGUI.Unity.Tests.csproj", "{CC6345A1-E5DA-48F7-B38C-A36C8280FE50}"
EndProject
Project("{FAE04EC0-301F-11D3-BF4B-00C04F79EFBC}") = "cGUI.Unity.Render.Builder", "cGUI.Unity.Render.Builder\cGUI.Unity.Render.Builder.csproj", "{A075F868-07A4-4147-AD7D-7CF6C7A89698}"
EndProject
Global
	GlobalSection(SolutionConfigurationPlatforms) = preSolution
		Debug|Any CPU = Debug|Any CPU
		Debug|x64 = Debug|x64
		Debug|x86 = Debug|x86
		Release|Any CPU = Release|Any CPU
		Release|x64 = Release|x64
		Release|x86 = Release|x86
	EndGlobalSection
	GlobalSection(ProjectConfigurationPlatforms) = postSolution
		{198411EC-5CA9-4E1C-8180-10DDE1A93FC7}.Debug|Any CPU.ActiveCfg = Debug|Any CPU
		{198411EC-5CA9-4E1C-8180-10DDE1A93FC7}.Debug|Any CPU.Build.0 = Debug|Any CPU
		{198411EC-5CA9-4E1C-8180-10DDE1A93FC7}.Debug|x64.ActiveCfg = Debug|Any CPU
		{198411EC-5CA9-4E1C-8180-10DDE1A93FC7}.Debug|x64.Build.0 = Debug|Any CPU
		{198411EC-5CA9-4E1C-8180-10DDE1A93FC7}.Debug|x86.ActiveCfg = Debug|Any CPU
		{198411EC-5CA9-4E1C-8180-10DDE1A93FC7}.Debug|x86.Build.0 = Debug|Any CPU
		{198411EC-5CA9-4E1C-8180-10DDE1A93FC7}.Release|Any CPU.ActiveCfg = Release|Any CPU
		{198411EC-5CA9-4E1C-8180-10DDE1A93FC7}.Release|Any CPU.Build.0 = Release|Any CPU
		{198411EC-5CA9-4E1C-8180-10DDE1A93FC7}.Release|x64.ActiveCfg = Release|Any CPU
		{198411EC-5CA9-4E1C-8180-10DDE1A93FC7}.Release|x64.Build.0 = Release|Any CPU
		{198411EC-5CA9-4E1C-8180-10DDE1A93FC7}.Release|x86.ActiveCfg = Release|Any CPU
		{198411EC-5CA9-4E1C-8180-10DDE1A93FC7}.Release|x86.Build.0 = Release|Any CPU
		{24667F57-407A-47CB-BFBC-2D4391D4E31D}.Debug|Any CPU.ActiveCfg = Debug|Any CPU
		{24667F57-407A-47CB-BFBC-2D4391D4E31D}.Debug|Any CPU.Build.0 = Debug|Any CPU
		{24667F57-407A-47CB-BFBC-2D4391D4E31D}.Debug|x64.ActiveCfg = Debug|Any CPU
		{24667F57-407A-47CB-BFBC-2D4391D4E31D}.Debug|x64.Build.0 = Debug|Any CPU
		{24667F57-407A-47CB-BFBC-2D4391D4E31D}.Debug|x86.ActiveCfg = Debug|Any CPU
		{24667F57-407A-47CB-BFBC-2D4391D4E31D}.Debug|x86.Build.0 = Debug|Any CPU
		{24667F57-407A-47CB-BFBC-2D4391D4E31D}.Release|Any CPU.ActiveCfg = Release|Any CPU
		{24667F57-407A-47CB-BFBC-2D4391D4E31D}.Release|Any CPU.Build.0 = Release|Any CPU
		{24667F57-407A-47CB-BFBC-2D4391D4E31D}.Release|x64.ActiveCfg = Release|Any CPU
		{24667F57-407A-47CB-BFBC-2D4391D4E31D}.Release|x64.Build.0 = Release|Any CPU
		{24667F57-407A-47CB-BFBC-2D4391D4E31D}.Release|x86.ActiveCfg = Release|Any CPU
		{24667F57-407A-47CB-BFBC-2D4391D4E31D}.Release|x86.Build.0 = Release|Any CPU
		{55D63E43-887F-47BE-9059-1CB191833D21}.Debug|Any CPU.ActiveCfg = Debug|Any CPU
		{55D63E43-887F-47BE-9059-1CB191833D21}.Debug|Any CPU.Build.0 = Debug|Any CPU
		{55D63E43-887F-47BE-9059-1CB191833D21}.Debug|x64.ActiveCfg = Debug|Any CPU
		{55D63E43-887F-47BE-9059-1CB191833D21}.Debug|x64.Build.0 = Debug|Any CPU
		{55D63E43-887F-47BE-9059-1CB191833D21}.Debug|x86.ActiveCfg = Debug|Any CPU
		{55D63E43-887F-47BE-9059-1CB191833D21}.Debug|x86.Build.0 = Debug|Any CPU
		{55D63E43-887F-47BE-9059-1CB191833D21}.Release|Any CPU.ActiveCfg = Release|Any CPU
		{55D63E43-887F-47BE-9059-1CB191833D21}.Release|Any CPU.Build.0 = Release|Any CPU
		{55D63E43-887F-47BE-9059-1CB191833D21}.Release|x64.ActiveCfg = Release|Any CPU
		{55D63E43-887F-47BE-9059-1CB191833D21}.Release|x64.Build.0 = Release|Any CPU
		{55D63E43-887F-47BE-9059-1CB191833D21}.Release|x86.ActiveCfg = Release|Any CPU
		{55D63E43-887F-47BE-9059-1CB191833D21}.Release|x86.Build.0 = Release|Any CPU
		{136D95CE-09A8-4AC1-83AF-A0FE126CF10F}.Debug|Any CPU.ActiveCfg = Debug|Any CPU
		{136D95CE-09A8-4AC1-83AF-A0FE126CF10F}.Debug|Any CPU.Build.0 = Debug|Any CPU
		{136D95CE-09A8-4AC1-83AF-A0FE126CF10F}.Debug|x64.ActiveCfg = Debug|Any CPU
		{136D95CE-09A8-4AC1-83AF-A0FE126CF10F}.Debug|x64.Build.0 = Debug|Any CPU
		{136D95CE-09A8-4AC1-83AF-A0FE126CF10F}.Debug|x86.ActiveCfg = Debug|Any CPU
		{136D95CE-09A8-4AC1-83AF-A0FE126CF10F}.Debug|x86.Build.0 = Debug|Any CPU
		{136D95CE-09A8-4AC1-83AF-A0FE126CF10F}.Release|Any CPU.ActiveCfg = Release|Any CPU
		{136D95CE-09A8-4AC1-83AF-A0FE126CF10F}.Release|Any CPU.Build.0 = Release|Any CPU
		{136D95CE-09A8-4AC1-83AF-A0FE126CF10F}.Release|x64.ActiveCfg = Release|Any CPU
		{136D95CE-09A8-4AC1-83AF-A0FE126CF10F}.Release|x64.Build.0 = Release|Any CPU
		{136D95CE-09A8-4AC1-83AF-A0FE126CF10F}.Release|x86.ActiveCfg = Release|Any CPU
		{136D95CE-09A8-4AC1-83AF-A0FE126CF10F}.Release|x86.Build.0 = Release|Any CPU
		{4C4AB71A-3025-4C86-A25D-3D60F2A7AB8A}.Debug|Any CPU.ActiveCfg = Debug|Any CPU
		{4C4AB71A-3025-4C86-A25D-3D60F2A7AB8A}.Debug|Any CPU.Build.0 = Debug|Any CPU
		{4C4AB71A-3025-4C86-A25D-3D60F2A7AB8A}.Debug|x64.ActiveCfg = Debug|Any CPU
		{4C4AB71A-3025-4C86-A25D-3D60F2A7AB8A}.Debug|x64.Build.0 = Debug|Any CPU
		{4C4AB71A-3025-4C86-A25D-3D60F2A7AB8A}.Debug|x86.ActiveCfg = Debug|Any CPU
		{4C4AB71A-3025-4C86-A25D-3D60F2A7AB8A}.Debug|x86.Build.0 = Debug|Any CPU
		{4C4AB71A-3025-4C86-A25D-3D60F2A7AB8A}.Release|Any CPU.ActiveCfg = Release|Any CPU
		{4C4AB71A-3025-4C86-A25D-3D60F2A7AB8A}.Release|Any CPU.Build.0 = Release|Any CPU
		{4C4AB71A-3025-4C86-A25D-3D60F2A7AB8A}.Release|x64.ActiveCfg = Release|Any CPU
		{4C4AB71A-3025-4C86-A25D-3D60F2A7AB8A}.Release|x64.Build.0 = Release|Any CPU
		{4C4AB71A-3025-4C86-A25D-3D60F2A7AB8A}.Release|x86.ActiveCfg = Release|Any CPU
		{4C4AB71A-3025-4C86-A25D-3D60F2A7AB8A}.Release|x86.Build.0 = Release|Any CPU
		{77F6695B-5E66-400F-91E9-5012B9E3C012}.Debug|Any CPU.ActiveCfg = Debug|Any CPU
		{77F6695B-5E66-400F-91E9-5012B9E3C012}.Debug|Any CPU.Build.0 = Debug|Any CPU
		{77F6695B-5E66-400F-91E9-5012B9E3C012}.Debug|x64.ActiveCfg = Debug|Any CPU
		{77F6695B-5E66-400F-91E9-5012B9E3C012}.Debug|x64.Build.0 = Debug|Any CPU
		{77F6695B-5E66-400F-91E9-5012B9E3C012}.Debug|x86.ActiveCfg = Debug|Any CPU
		{77F6695B-5E66-400F-91E9-5012B9E3C012}.Debug|x86.Build.0 = Debug|Any CPU
		{77F6695B-5E66-400F-91E9-5012B9E3C012}.Release|Any CPU.ActiveCfg = Release|Any CPU
		{77F6695B-5E66-400F-91E9-5012B9E3C012}.Release|Any CPU.Build.0 = Release|Any CPU
		{77F6695B-5E66-400F-91E9-5012B9E3C012}.Release|x64.ActiveCfg = Release|Any CPU
		{77F6695B-5E66-400F-91E9-5012B9E3C012}.Release|x64.Build.0 = Release|Any CPU
		{77F6695B-5E66-400F-91E9-5012B9E3C012}.Release|x86.ActiveCfg = Release|Any CPU
		{77F6695B-5E66-400F-91E9-5012B9E3C012}.Release|x86.Build.0 = Release|Any CPU
		{CA73A5B7-C33C-4034-B41A-E151E2D1FCA5}.Debug|Any CPU.ActiveCfg = Debug|Any CPU
		{CA73A5B7-C33C-4034-B41A-E151E2D1FCA5}.Debug|Any CPU.Build.0 = Debug|Any CPU
		{CA73A5B7-C33C-4034-B41A-E151E2D1FCA5}.Debug|x64.ActiveCfg = Debug|Any CPU
		{CA73A5B7-C33C-4034-B41A-E151E2D1FCA5}.Debug|x64.Build.0 = Debug|Any CPU
		{CA73A5B7-C33C-4034-B41A-E151E2D1FCA5}.Debug|x86.ActiveCfg = Debug|Any CPU
		{CA73A5B7-C33C-4034-B41A-E151E2D1FCA5}.Debug|x86.Build.0 = Debug|Any CPU
		{CA73A5B7-C33C-4034-B41A-E151E2D1FCA5}.Release|Any CPU.ActiveCfg = Release|Any CPU
		{CA73A5B7-C33C-4034-B41A-E151E2D1FCA5}.Release|Any CPU.Build.0 = Release|Any CPU
		{CA73A5B7-C33C-4034-B41A-E151E2D1FCA5}.Release|x64.ActiveCfg = Release|Any CPU
		{CA73A5B7-C33C-4034-B41A-E151E2D1FCA5}.Release|x64.Build.0 = Release|Any CPU
		{CA73A5B7-C33C-4034-B41A-E151E2D1FCA5}.Release|x86.ActiveCfg = Release|Any CPU
		{CA73A5B7-C33C-4034-B41A-E151E2D1FCA5}.Release|x86.Build.0 = Release|Any CPU
		{7C266BCE-841D-40E5-93F6-357E7AB5E25A}.Debug|Any CPU.ActiveCfg = Debug|Any CPU
		{7C266BCE-841D-40E5-93F6-357E7AB5E25A}.Debug|Any CPU.Build.0 = Debug|Any CPU
		{7C266BCE-841D-40E5-93F6-357E7AB5E25A}.Debug|x64.ActiveCfg = Debug|Any CPU
		{7C266BCE-841D-40E5-93F6-357E7AB5E25A}.Debug|x64.Build.0 = Debug|Any CPU
		{7C266BCE-841D-40E5-93F6-357E7AB5E25A}.Debug|x86.ActiveCfg = Debug|Any CPU
		{7C266BCE-841D-40E5-93F6-357E7AB5E25A}.Debug|x86.Build.0 = Debug|Any CPU
		{7C266BCE-841D-40E5-93F6-357E7AB5E25A}.Release|Any CPU.ActiveCfg = Release|Any CPU
		{7C266BCE-841D-40E5-93F6-357E7AB5E25A}.Release|Any CPU.Build.0 = Release|Any CPU
		{7C266BCE-841D-40E5-93F6-357E7AB5E25A}.Release|x64.ActiveCfg = Release|Any CPU
		{7C266BCE-841D-40E5-93F6-357E7AB5E25A}.Release|x64.Build.0 = Release|Any CPU
		{7C266BCE-841D-40E5-93F6-357E7AB5E25A}.Release|x86.ActiveCfg = Release|Any CPU
		{7C266BCE-841D-40E5-93F6-357E7AB5E25A}.Release|x86.Build.0 = Release|Any CPU
		{17185492-A7C8-4012-AAE4-56625CAD67F7}.Debug|Any CPU.ActiveCfg = Debug|Any CPU
		{17185492-A7C8-4012-AAE4-56625CAD67F7}.Debug|Any CPU.Build.0 = Debug|Any CPU
		{17185492-A7C8-4012-AAE4-56625CAD67F7}.Debug|x64.ActiveCfg = Debug|Any CPU
		{17185492-A7C8-4012-AAE4-56625CAD67F7}.Debug|x64.Build.0 = Debug|Any CPU
		{17185492-A7C8-4012-AAE4-56625CAD67F7}.Debug|x86.ActiveCfg = Debug|Any CPU
		{17185492-A7C8-4012-AAE4-56625CAD67F7}.Debug|x86.Build.0 = Debug|Any CPU
		{17185492-A7C8-4012-AAE4-56625CAD67F7}.Release|Any CPU.ActiveCfg = Release|Any CPU
		{17185492-A7C8-4012-AAE4-56625CAD67F7}.Release|Any CPU.Build.0 = Release|Any CPU
		{17185492-A7C8-4012-AAE4-56625CAD67F7}.Release|x64.ActiveCfg = Release|Any CPU
		{17185492-A7C8-4012-AAE4-56625CAD67F7}.Release|x64.Build.0 = Release|Any CPU
		{17185492-A7C8-4012-AAE4-56625CAD67F7}.Release|x86.ActiveCfg = Release|Any CPU
		{17185492-A7C8-4012-AAE4-56625CAD67F7}.Release|x86.Build.0 = Release|Any CPU
		{E60D37CA-D8BE-414C-9D49-D680D6048C7D}.Debug|Any CPU.ActiveCfg = Debug|Any CPU
		{E60D37CA-D8BE-414C-9D49-D680D6048C7D}.Debug|Any CPU.Build.0 = Debug|Any CPU
		{E60D37CA-D8BE-414C-9D49-D680D6048C7D}.Debug|x64.ActiveCfg = Debug|Any CPU
		{E60D37CA-D8BE-414C-9D49-D680D6048C7D}.Debug|x64.Build.0 = Debug|Any CPU
		{E60D37CA-D8BE-414C-9D49-D680D6048C7D}.Debug|x86.ActiveCfg = Debug|Any CPU
		{E60D37CA-D8BE-414C-9D49-D680D6048C7D}.Debug|x86.Build.0 = Debug|Any CPU
		{E60D37CA-D8BE-414C-9D49-D680D6048C7D}.Release|Any CPU.ActiveCfg = Release|Any CPU
		{E60D37CA-D8BE-414C-9D49-D680D6048C7D}.Release|Any CPU.Build.0 = Release|Any CPU
		{E60D37CA-D8BE-414C-9D49-D680D6048C7D}.Release|x64.ActiveCfg = Release|Any CPU
		{E60D37CA-D8BE-414C-9D49-D680D6048C7D}.Release|x64.Build.0 = Release|Any CPU
		{E60D37CA-D8BE-414C-9D49-D680D6048C7D}.Release|x86.ActiveCfg = Release|Any CPU
		{E60D37CA-D8BE-414C-9D49-D680D6048C7D}.Release|x86.Build.0 = Release|Any CPU
		{F9EB85D1-6E06-43A7-BEA7-38131F636EA5}.Debug|Any CPU.ActiveCfg = Debug|Any CPU
		{F9EB85D1-6E06-43A7-BEA7-38131F636EA5}.Debug|Any CPU.Build.0 = Debug|Any CPU
		{F9EB85D1-6E06-43A7-BEA7-38131F636EA5}.Debug|x64.ActiveCfg = Debug|Any CPU
		{F9EB85D1-6E06-43A7-BEA7-38131F636EA5}.Debug|x64.Build.0 = Debug|Any CPU
		{F9EB85D1-6E06-43A7-BEA7-38131F636EA5}.Debug|x86.ActiveCfg = Debug|Any CPU
		{F9EB85D1-6E06-43A7-BEA7-38131F636EA5}.Debug|x86.Build.0 = Debug|Any CPU
		{F9EB85D1-6E06-43A7-BEA7-38131F636EA5}.Release|Any CPU.ActiveCfg = Release|Any CPU
		{F9EB85D1-6E06-43A7-BEA7-38131F636EA5}.Release|Any CPU.Build.0 = Release|Any CPU
		{F9EB85D1-6E06-43A7-BEA7-38131F636EA5}.Release|x64.ActiveCfg = Release|Any CPU
		{F9EB85D1-6E06-43A7-BEA7-38131F636EA5}.Release|x64.Build.0 = Release|Any CPU
		{F9EB85D1-6E06-43A7-BEA7-38131F636EA5}.Release|x86.ActiveCfg = Release|Any CPU
		{F9EB85D1-6E06-43A7-BEA7-38131F636EA5}.Release|x86.Build.0 = Release|Any CPU
		{AC47D1C9-8DAA-4B21-B5CA-01B3A6F927D6}.Debug|Any CPU.ActiveCfg = Debug|Any CPU
		{AC47D1C9-8DAA-4B21-B5CA-01B3A6F927D6}.Debug|Any CPU.Build.0 = Debug|Any CPU
		{AC47D1C9-8DAA-4B21-B5CA-01B3A6F927D6}.Debug|x64.ActiveCfg = Debug|Any CPU
		{AC47D1C9-8DAA-4B21-B5CA-01B3A6F927D6}.Debug|x64.Build.0 = Debug|Any CPU
		{AC47D1C9-8DAA-4B21-B5CA-01B3A6F927D6}.Debug|x86.ActiveCfg = Debug|Any CPU
		{AC47D1C9-8DAA-4B21-B5CA-01B3A6F927D6}.Debug|x86.Build.0 = Debug|Any CPU
		{AC47D1C9-8DAA-4B21-B5CA-01B3A6F927D6}.Release|Any CPU.ActiveCfg = Release|Any CPU
		{AC47D1C9-8DAA-4B21-B5CA-01B3A6F927D6}.Release|Any CPU.Build.0 = Release|Any CPU
		{AC47D1C9-8DAA-4B21-B5CA-01B3A6F927D6}.Release|x64.ActiveCfg = Release|Any CPU
		{AC47D1C9-8DAA-4B21-B5CA-01B3A6F927D6}.Release|x64.Build.0 = Release|Any CPU
		{AC47D1C9-8DAA-4B21-B5CA-01B3A6F927D6}.Release|x86.ActiveCfg = Release|Any CPU
		{AC47D1C9-8DAA-4B21-B5CA-01B3A6F927D6}.Release|x86.Build.0 = Release|Any CPU
		{B4B52DA2-6D2B-47DF-A394-B4D2EFEF617F}.Debug|Any CPU.ActiveCfg = Debug|Any CPU
		{B4B52DA2-6D2B-47DF-A394-B4D2EFEF617F}.Debug|Any CPU.Build.0 = Debug|Any CPU
		{B4B52DA2-6D2B-47DF-A394-B4D2EFEF617F}.Debug|x64.ActiveCfg = Debug|Any CPU
		{B4B52DA2-6D2B-47DF-A394-B4D2EFEF617F}.Debug|x64.Build.0 = Debug|Any CPU
		{B4B52DA2-6D2B-47DF-A394-B4D2EFEF617F}.Debug|x86.ActiveCfg = Debug|Any CPU
		{B4B52DA2-6D2B-47DF-A394-B4D2EFEF617F}.Debug|x86.Build.0 = Debug|Any CPU
		{B4B52DA2-6D2B-47DF-A394-B4D2EFEF617F}.Release|Any CPU.ActiveCfg = Release|Any CPU
		{B4B52DA2-6D2B-47DF-A394-B4D2EFEF617F}.Release|Any CPU.Build.0 = Release|Any CPU
		{B4B52DA2-6D2B-47DF-A394-B4D2EFEF617F}.Release|x64.ActiveCfg = Release|Any CPU
		{B4B52DA2-6D2B-47DF-A394-B4D2EFEF617F}.Release|x64.Build.0 = Release|Any CPU
		{B4B52DA2-6D2B-47DF-A394-B4D2EFEF617F}.Release|x86.ActiveCfg = Release|Any CPU
		{B4B52DA2-6D2B-47DF-A394-B4D2EFEF617F}.Release|x86.Build.0 = Release|Any CPU
		{4ADDA90A-1125-4156-9F35-CFBEE5C3B51B}.Debug|Any CPU.ActiveCfg = Debug|Any CPU
		{4ADDA90A-1125-4156-9F35-CFBEE5C3B51B}.Debug|Any CPU.Build.0 = Debug|Any CPU
		{4ADDA90A-1125-4156-9F35-CFBEE5C3B51B}.Debug|x64.ActiveCfg = Debug|Any CPU
		{4ADDA90A-1125-4156-9F35-CFBEE5C3B51B}.Debug|x64.Build.0 = Debug|Any CPU
		{4ADDA90A-1125-4156-9F35-CFBEE5C3B51B}.Debug|x86.ActiveCfg = Debug|Any CPU
		{4ADDA90A-1125-4156-9F35-CFBEE5C3B51B}.Debug|x86.Build.0 = Debug|Any CPU
		{4ADDA90A-1125-4156-9F35-CFBEE5C3B51B}.Release|Any CPU.ActiveCfg = Release|Any CPU
		{4ADDA90A-1125-4156-9F35-CFBEE5C3B51B}.Release|Any CPU.Build.0 = Release|Any CPU
		{4ADDA90A-1125-4156-9F35-CFBEE5C3B51B}.Release|x64.ActiveCfg = Release|Any CPU
		{4ADDA90A-1125-4156-9F35-CFBEE5C3B51B}.Release|x64.Build.0 = Release|Any CPU
		{4ADDA90A-1125-4156-9F35-CFBEE5C3B51B}.Release|x86.ActiveCfg = Release|Any CPU
		{4ADDA90A-1125-4156-9F35-CFBEE5C3B51B}.Release|x86.Build.0 = Release|Any CPU
		{FA8F2D88-87A6-4D8D-8D96-795B141656D7}.Debug|Any CPU.ActiveCfg = Debug|Any CPU
		{FA8F2D88-87A6-4D8D-8D96-795B141656D7}.Debug|Any CPU.Build.0 = Debug|Any CPU
		{FA8F2D88-87A6-4D8D-8D96-795B141656D7}.Debug|x64.ActiveCfg = Debug|Any CPU
		{FA8F2D88-87A6-4D8D-8D96-795B141656D7}.Debug|x64.Build.0 = Debug|Any CPU
		{FA8F2D88-87A6-4D8D-8D96-795B141656D7}.Debug|x86.ActiveCfg = Debug|Any CPU
		{FA8F2D88-87A6-4D8D-8D96-795B141656D7}.Debug|x86.Build.0 = Debug|Any CPU
		{FA8F2D88-87A6-4D8D-8D96-795B141656D7}.Release|Any CPU.ActiveCfg = Release|Any CPU
		{FA8F2D88-87A6-4D8D-8D96-795B141656D7}.Release|Any CPU.Build.0 = Release|Any CPU
		{FA8F2D88-87A6-4D8D-8D96-795B141656D7}.Release|x64.ActiveCfg = Release|Any CPU
		{FA8F2D88-87A6-4D8D-8D96-795B141656D7}.Release|x64.Build.0 = Release|Any CPU
		{FA8F2D88-87A6-4D8D-8D96-795B141656D7}.Release|x86.ActiveCfg = Release|Any CPU
		{FA8F2D88-87A6-4D8D-8D96-795B141656D7}.Release|x86.Build.0 = Release|Any CPU
		{9A76212E-38CF-4F4E-976B-F5BFB5D036D2}.Debug|Any CPU.ActiveCfg = Debug|Any CPU
		{9A76212E-38CF-4F4E-976B-F5BFB5D036D2}.Debug|Any CPU.Build.0 = Debug|Any CPU
		{9A76212E-38CF-4F4E-976B-F5BFB5D036D2}.Debug|x64.ActiveCfg = Debug|Any CPU
		{9A76212E-38CF-4F4E-976B-F5BFB5D036D2}.Debug|x64.Build.0 = Debug|Any CPU
		{9A76212E-38CF-4F4E-976B-F5BFB5D036D2}.Debug|x86.ActiveCfg = Debug|Any CPU
		{9A76212E-38CF-4F4E-976B-F5BFB5D036D2}.Debug|x86.Build.0 = Debug|Any CPU
		{9A76212E-38CF-4F4E-976B-F5BFB5D036D2}.Release|Any CPU.ActiveCfg = Release|Any CPU
		{9A76212E-38CF-4F4E-976B-F5BFB5D036D2}.Release|Any CPU.Build.0 = Release|Any CPU
		{9A76212E-38CF-4F4E-976B-F5BFB5D036D2}.Release|x64.ActiveCfg = Release|Any CPU
		{9A76212E-38CF-4F4E-976B-F5BFB5D036D2}.Release|x64.Build.0 = Release|Any CPU
		{9A76212E-38CF-4F4E-976B-F5BFB5D036D2}.Release|x86.ActiveCfg = Release|Any CPU
		{9A76212E-38CF-4F4E-976B-F5BFB5D036D2}.Release|x86.Build.0 = Release|Any CPU
		{D94715A1-9251-4800-BE89-F338B47388BA}.Debug|Any CPU.ActiveCfg = Debug|Any CPU
		{D94715A1-9251-4800-BE89-F338B47388BA}.Debug|Any CPU.Build.0 = Debug|Any CPU
		{D94715A1-9251-4800-BE89-F338B47388BA}.Debug|x64.ActiveCfg = Debug|Any CPU
		{D94715A1-9251-4800-BE89-F338B47388BA}.Debug|x64.Build.0 = Debug|Any CPU
		{D94715A1-9251-4800-BE89-F338B47388BA}.Debug|x86.ActiveCfg = Debug|Any CPU
		{D94715A1-9251-4800-BE89-F338B47388BA}.Debug|x86.Build.0 = Debug|Any CPU
		{D94715A1-9251-4800-BE89-F338B47388BA}.Release|Any CPU.ActiveCfg = Release|Any CPU
		{D94715A1-9251-4800-BE89-F338B47388BA}.Release|Any CPU.Build.0 = Release|Any CPU
		{D94715A1-9251-4800-BE89-F338B47388BA}.Release|x64.ActiveCfg = Release|Any CPU
		{D94715A1-9251-4800-BE89-F338B47388BA}.Release|x64.Build.0 = Release|Any CPU
		{D94715A1-9251-4800-BE89-F338B47388BA}.Release|x86.ActiveCfg = Release|Any CPU
		{D94715A1-9251-4800-BE89-F338B47388BA}.Release|x86.Build.0 = Release|Any CPU
		{CC6345A1-E5DA-48F7-B38C-A36C8280FE50}.Debug|Any CPU.ActiveCfg = Debug|Any CPU
		{CC6345A1-E5DA-48F7-B38C-A36C8280FE50}.Debug|Any CPU.Build.0 = Debug|Any CPU
		{CC6345A1-E5DA-48F7-B38C-A36C8280FE50}.Debug|x64.ActiveCfg = Debug|Any CPU
		{CC6345A1-E5DA-48F7-B38C-A36C8280FE50}.Debug|x64.Build.0 = Debug|Any CPU
		{CC6345A1-E5DA-48F7-B38C-A36C8280FE50}.Debug|x86.ActiveCfg = Debug|Any CPU
		{CC6345A1-E5DA-48F7-B38C-A36C8280FE50}.Debug|x86.Build.0 = Debug|Any CPU
		{CC6345A1-E5DA-48F7-B38C-A36C8280FE50}.Release|Any CPU.ActiveCfg = Release|Any CPU
		{CC6345A1-E5DA-48F7-B38C-A36C8280FE50}.Release|Any CPU.Build.0 = Release|Any CPU
		{CC6345A1-E5DA-48F7-B38C-A36C8280FE50}.Release|x64.ActiveCfg = Release|Any CPU
		{CC6345A1-E5DA-48F7-B38C-A36C8280FE50}.Release|x64.Build.0 = Release|Any CPU
		{CC6345A1-E5DA-48F7-B38C-A36C8280FE50}.Release|x86.ActiveCfg = Release|Any CPU
		{CC6345A1-E5DA-48F7-B38C-A36C8280FE50}.Release|x86.Build.0 = Release|Any CPU
		{A075F868-07A4-4147-AD7D-7CF6C7A89698}.Debug|Any CPU.ActiveCfg = Debug|Any CPU
		{A075F868-07A4-4147-AD7D-7CF6C7A89698}.Debug|Any CPU.Build.0 = Debug|Any CPU
		{A075F868-07A4-4147-AD7D-7CF6C7A89698}.Debug|x64.ActiveCfg = Debug|Any CPU
		{A075F868-07A4-4147-AD7D-7CF6C7A89698}.Debug|x64.Build.0 = Debug|Any CPU
		{A075F868-07A4-4147-AD7D-7CF6C7A89698}.Debug|x86.ActiveCfg = Debug|Any CPU
		{A075F868-07A4-4147-AD7D-7CF6C7A89698}.Debug|x86.Build.0 = Debug|Any CPU
		{A075F868-07A4-4147-AD7D-7CF6C7A89698}.Release|Any CPU.ActiveCfg = Release|Any CPU
		{A075F868-07A4-4147-AD7D-7CF6C7A89698}.Release|Any CPU.Build.0 = Release|Any CPU
		{A075F868-07A4-4147-AD7D-7CF6C7A89698}.Release|x64.ActiveCfg = Release|Any CPU
		{A075F868-07A4-4147-AD7D-7CF6C7A89698}.Release|x64.Build.0 = Release|Any CPU
		{A075F868-07A4-4147-AD7D-7CF6C7A89698}.Release|x86.ActiveCfg = Release|Any CPU
		{A075F868-07A4-4147-AD7D-7CF6C7A89698}.Release|x86.Build.0 = Release|Any CPU
	EndGlobalSection
	GlobalSection(SolutionProperties) = preSolution
		HideSolutionNode = FALSE
	EndGlobalSection
	GlobalSection(NestedProjects) = preSolution
		{7C266BCE-841D-40E5-93F6-357E7AB5E25A} = {2BA5A95D-1208-415C-90DE-F198359B0C76}
		{17185492-A7C8-4012-AAE4-56625CAD67F7} = {422AB56C-B0C4-43FA-811A-BBDDB25EC66F}
		{AC47D1C9-8DAA-4B21-B5CA-01B3A6F927D6} = {236B1674-FD3F-439D-AF03-EFCE5820FE3B}
		{B4B52DA2-6D2B-47DF-A394-B4D2EFEF617F} = {236B1674-FD3F-439D-AF03-EFCE5820FE3B}
		{4ADDA90A-1125-4156-9F35-CFBEE5C3B51B} = {236B1674-FD3F-439D-AF03-EFCE5820FE3B}
		{FA8F2D88-87A6-4D8D-8D96-795B141656D7} = {236B1674-FD3F-439D-AF03-EFCE5820FE3B}
		{CC6345A1-E5DA-48F7-B38C-A36C8280FE50} = {2BA5A95D-1208-415C-90DE-F198359B0C76}
		{A075F868-07A4-4147-AD7D-7CF6C7A89698} = {236B1674-FD3F-439D-AF03-EFCE5820FE3B}
	EndGlobalSection
	GlobalSection(ExtensibilityGlobals) = postSolution
		SolutionGuid = {5EAF1740-7103-4198-9BE9-6AEBFEF8B80B}
	EndGlobalSection
EndGlobal
